// !$*UTF8*$!
{
	archiveVersion = 1;
	classes = {
	};
	objectVersion = 56;
	objects = {

/* Begin PBXBuildFile section */
		CD84FB712954DA9D0045DB4C /* main.swift in Sources */ = {isa = PBXBuildFile; fileRef = CD84FB702954DA9D0045DB4C /* main.swift */; };
		CD84FB782954DB460045DB4C /* Car.swift in Sources */ = {isa = PBXBuildFile; fileRef = CD84FB772954DB460045DB4C /* Car.swift */; };
		CD84FB7A2955C76B0045DB4C /* Product.swift in Sources */ = {isa = PBXBuildFile; fileRef = CD84FB792955C76B0045DB4C /* Product.swift */; };
		CD84FB7C2955C7930045DB4C /* Shop.swift in Sources */ = {isa = PBXBuildFile; fileRef = CD84FB7B2955C7930045DB4C /* Shop.swift */; };
		CD84FB7E2955C7A30045DB4C /* Clients.swift in Sources */ = {isa = PBXBuildFile; fileRef = CD84FB7D2955C7A30045DB4C /* Clients.swift */; };
		CD84FB802955C7B70045DB4C /* Bank.swift in Sources */ = {isa = PBXBuildFile; fileRef = CD84FB7F2955C7B70045DB4C /* Bank.swift */; };
/* End PBXBuildFile section */

/* Begin PBXCopyFilesBuildPhase section */
		CD84FB6B2954DA9D0045DB4C /* CopyFiles */ = {
			isa = PBXCopyFilesBuildPhase;
			buildActionMask = 2147483647;
			dstPath = /usr/share/man/man1/;
			dstSubfolderSpec = 0;
			files = (
			);
			runOnlyForDeploymentPostprocessing = 1;
		};
/* End PBXCopyFilesBuildPhase section */

/* Begin PBXFileReference section */
		CD84FB6D2954DA9D0045DB4C /* HomeWork1Month2 */ = {isa = PBXFileReference; explicitFileType = "compiled.mach-o.executable"; includeInIndex = 0; path = HomeWork1Month2; sourceTree = BUILT_PRODUCTS_DIR; };
		CD84FB702954DA9D0045DB4C /* main.swift */ = {isa = PBXFileReference; lastKnownFileType = sourcecode.swift; path = main.swift; sourceTree = "<group>"; };
		CD84FB772954DB460045DB4C /* Car.swift */ = {isa = PBXFileReference; lastKnownFileType = sourcecode.swift; path = Car.swift; sourceTree = "<group>"; };
		CD84FB792955C76B0045DB4C /* Product.swift */ = {isa = PBXFileReference; lastKnownFileType = sourcecode.swift; path = Product.swift; sourceTree = "<group>"; };
		CD84FB7B2955C7930045DB4C /* Shop.swift */ = {isa = PBXFileReference; lastKnownFileType = sourcecode.swift; path = Shop.swift; sourceTree = "<group>"; };
		CD84FB7D2955C7A30045DB4C /* Clients.swift */ = {isa = PBXFileReference; lastKnownFileType = sourcecode.swift; path = Clients.swift; sourceTree = "<group>"; };
		CD84FB7F2955C7B70045DB4C /* Bank.swift */ = {isa = PBXFileReference; lastKnownFileType = sourcecode.swift; path = Bank.swift; sourceTree = "<group>"; };
/* End PBXFileReference section */

/* Begin PBXFrameworksBuildPhase section */
		CD84FB6A2954DA9D0045DB4C /* Frameworks */ = {
			isa = PBXFrameworksBuildPhase;
			buildActionMask = 2147483647;
			files = (
			);
			runOnlyForDeploymentPostprocessing = 0;
		};
/* End PBXFrameworksBuildPhase section */

/* Begin PBXGroup section */
		CD84FB642954DA9D0045DB4C = {
			isa = PBXGroup;
			children = (
				CD84FB6F2954DA9D0045DB4C /* HomeWork1Month2 */,
				CD84FB6E2954DA9D0045DB4C /* Products */,
			);
			sourceTree = "<group>";
		};
		CD84FB6E2954DA9D0045DB4C /* Products */ = {
			isa = PBXGroup;
			children = (
				CD84FB6D2954DA9D0045DB4C /* HomeWork1Month2 */,
			);
			name = Products;
			sourceTree = "<group>";
		};
		CD84FB6F2954DA9D0045DB4C /* HomeWork1Month2 */ = {
			isa = PBXGroup;
			children = (
				CD84FB702954DA9D0045DB4C /* main.swift */,
				CD84FB772954DB460045DB4C /* Car.swift */,
				CD84FB792955C76B0045DB4C /* Product.swift */,
				CD84FB7B2955C7930045DB4C /* Shop.swift */,
				CD84FB7D2955C7A30045DB4C /* Clients.swift */,
				CD84FB7F2955C7B70045DB4C /* Bank.swift */,
			);
			path = HomeWork1Month2;
			sourceTree = "<group>";
		};
/* End PBXGroup section */

/* Begin PBXNativeTarget section */
		CD84FB6C2954DA9D0045DB4C /* HomeWork1Month2 */ = {
			isa = PBXNativeTarget;
			buildConfigurationList = CD84FB742954DA9D0045DB4C /* Build configuration list for PBXNativeTarget "HomeWork1Month2" */;
			buildPhases = (
				CD84FB692954DA9D0045DB4C /* Sources */,
				CD84FB6A2954DA9D0045DB4C /* Frameworks */,
				CD84FB6B2954DA9D0045DB4C /* CopyFiles */,
			);
			buildRules = (
			);
			dependencies = (
			);
			name = HomeWork1Month2;
			productName = HomeWork1Month2;
			productReference = CD84FB6D2954DA9D0045DB4C /* HomeWork1Month2 */;
			productType = "com.apple.product-type.tool";
		};
/* End PBXNativeTarget section */

/* Begin PBXProject section */
		CD84FB652954DA9D0045DB4C /* Project object */ = {
			isa = PBXProject;
			attributes = {
				BuildIndependentTargetsInParallel = 1;
				LastSwiftUpdateCheck = 1410;
				LastUpgradeCheck = 1410;
				TargetAttributes = {
					CD84FB6C2954DA9D0045DB4C = {
						CreatedOnToolsVersion = 14.1;
					};
				};
			};
			buildConfigurationList = CD84FB682954DA9D0045DB4C /* Build configuration list for PBXProject "HomeWork1Month2" */;
			compatibilityVersion = "Xcode 14.0";
			developmentRegion = en;
			hasScannedForEncodings = 0;
			knownRegions = (
				en,
				Base,
			);
			mainGroup = CD84FB642954DA9D0045DB4C;
			productRefGroup = CD84FB6E2954DA9D0045DB4C /* Products */;
			projectDirPath = "";
			projectRoot = "";
			targets = (
				CD84FB6C2954DA9D0045DB4C /* HomeWork1Month2 */,
			);
		};
/* End PBXProject section */

/* Begin PBXSourcesBuildPhase section */
		CD84FB692954DA9D0045DB4C /* Sources */ = {
			isa = PBXSourcesBuildPhase;
			buildActionMask = 2147483647;
			files = (
				CD84FB782954DB460045DB4C /* Car.swift in Sources */,
				CD84FB712954DA9D0045DB4C /* main.swift in Sources */,
				CD84FB7A2955C76B0045DB4C /* Product.swift in Sources */,
				CD84FB802955C7B70045DB4C /* Bank.swift in Sources */,
				CD84FB7C2955C7930045DB4C /* Shop.swift in Sources */,
				CD84FB7E2955C7A30045DB4C /* Clients.swift in Sources */,
			);
			runOnlyForDeploymentPostprocessing = 0;
		};
/* End PBXSourcesBuildPhase section */

/* Begin XCBuildConfiguration section */
		CD84FB722954DA9D0045DB4C /* Debug */ = {
			isa = XCBuildConfiguration;
			buildSettings = {
				ALWAYS_SEARCH_USER_PATHS = NO;
				CLANG_ANALYZER_NONNULL = YES;
				CLANG_ANALYZER_NUMBER_OBJECT_CONVERSION = YES_AGGRESSIVE;
				CLANG_CXX_LANGUAGE_STANDARD = "gnu++20";
				CLANG_ENABLE_MODULES = YES;
				CLANG_ENABLE_OBJC_ARC = YES;
				CLANG_ENABLE_OBJC_WEAK = YES;
				CLANG_WARN_BLOCK_CAPTURE_AUTORELEASING = YES;
				CLANG_WARN_BOOL_CONVERSION = YES;
				CLANG_WARN_COMMA = YES;
				CLANG_WARN_CONSTANT_CONVERSION = YES;
				CLANG_WARN_DEPRECATED_OBJC_IMPLEMENTATIONS = YES;
				CLANG_WARN_DIRECT_OBJC_ISA_USAGE = YES_ERROR;
				CLANG_WARN_DOCUMENTATION_COMMENTS = YES;
				CLANG_WARN_EMPTY_BODY = YES;
				CLANG_WARN_ENUM_CONVERSION = YES;
				CLANG_WARN_INFINITE_RECURSION = YES;
				CLANG_WARN_INT_CONVERSION = YES;
				CLANG_WARN_NON_LITERAL_NULL_CONVERSION = YES;
				CLANG_WARN_OBJC_IMPLICIT_RETAIN_SELF = YES;
				CLANG_WARN_OBJC_LITERAL_CONVERSION = YES;
				CLANG_WARN_OBJC_ROOT_CLASS = YES_ERROR;
				CLANG_WARN_QUOTED_INCLUDE_IN_FRAMEWORK_HEADER = YES;
				CLANG_WARN_RANGE_LOOP_ANALYSIS = YES;
				CLANG_WARN_STRICT_PROTOTYPES = YES;
				CLANG_WARN_SUSPICIOUS_MOVE = YES;
				CLANG_WARN_UNGUARDED_AVAILABILITY = YES_AGGRESSIVE;
				CLANG_WARN_UNREACHABLE_CODE = YES;
				CLANG_WARN__DUPLICATE_METHOD_MATCH = YES;
				COPY_PHASE_STRIP = NO;
				DEBUG_INFORMATION_FORMAT = dwarf;
				ENABLE_STRICT_OBJC_MSGSEND = YES;
				ENABLE_TESTABILITY = YES;
				GCC_C_LANGUAGE_STANDARD = gnu11;
				GCC_DYNAMIC_NO_PIC = NO;
				GCC_NO_COMMON_BLOCKS = YES;
				GCC_OPTIMIZATION_LEVEL = 0;
				GCC_PREPROCESSOR_DEFINITIONS = (
					"DEBUG=1",
					"$(inherited)",
				);
				GCC_WARN_64_TO_32_BIT_CONVERSION = YES;
				GCC_WARN_ABOUT_RETURN_TYPE = YES_ERROR;
				GCC_WARN_UNDECLARED_SELECTOR = YES;
				GCC_WARN_UNINITIALIZED_AUTOS = YES_AGGRESSIVE;
				GCC_WARN_UNUSED_FUNCTION = YES;
				GCC_WARN_UNUSED_VARIABLE = YES;
				MACOSX_DEPLOYMENT_TARGET = 12.5;
				MTL_ENABLE_DEBUG_INFO = INCLUDE_SOURCE;
				MTL_FAST_MATH = YES;
				ONLY_ACTIVE_ARCH = YES;
				SDKROOT = macosx;
				SWIFT_ACTIVE_COMPILATION_CONDITIONS = DEBUG;
				SWIFT_OPTIMIZATION_LEVEL = "-Onone";
			};
			name = Debug;
		};
		CD84FB732954DA9D0045DB4C /* Release */ = {
			isa = XCBuildConfiguration;
			buildSettings = {
				ALWAYS_SEARCH_USER_PATHS = NO;
				CLANG_ANALYZER_NONNULL = YES;
				CLANG_ANALYZER_NUMBER_OBJECT_CONVERSION = YES_AGGRESSIVE;
				CLANG_CXX_LANGUAGE_STANDARD = "gnu++20";
				CLANG_ENABLE_MODULES = YES;
				CLANG_ENABLE_OBJC_ARC = YES;
				CLANG_ENABLE_OBJC_WEAK = YES;
				CLANG_WARN_BLOCK_CAPTURE_AUTORELEASING = YES;
				CLANG_WARN_BOOL_CONVERSION = YES;
				CLANG_WARN_COMMA = YES;
				CLANG_WARN_CONSTANT_CONVERSION = YES;
				CLANG_WARN_DEPRECATED_OBJC_IMPLEMENTATIONS = YES;
				CLANG_WARN_DIRECT_OBJC_ISA_USAGE = YES_ERROR;
				CLANG_WARN_DOCUMENTATION_COMMENTS = YES;
				CLANG_WARN_EMPTY_BODY = YES;
				CLANG_WARN_ENUM_CONVERSION = YES;
				CLANG_WARN_INFINITE_RECURSION = YES;
				CLANG_WARN_INT_CONVERSION = YES;
				CLANG_WARN_NON_LITERAL_NULL_CONVERSION = YES;
				CLANG_WARN_OBJC_IMPLICIT_RETAIN_SELF = YES;
				CLANG_WARN_OBJC_LITERAL_CONVERSION = YES;
				CLANG_WARN_OBJC_ROOT_CLASS = YES_ERROR;
				CLANG_WARN_QUOTED_INCLUDE_IN_FRAMEWORK_HEADER = YES;
				CLANG_WARN_RANGE_LOOP_ANALYSIS = YES;
				CLANG_WARN_STRICT_PROTOTYPES = YES;
				CLANG_WARN_SUSPICIOUS_MOVE = YES;
				CLANG_WARN_UNGUARDED_AVAILABILITY = YES_AGGRESSIVE;
				CLANG_WARN_UNREACHABLE_CODE = YES;
				CLANG_WARN__DUPLICATE_METHOD_MATCH = YES;
				COPY_PHASE_STRIP = NO;
				DEBUG_INFORMATION_FORMAT = "dwarf-with-dsym";
				ENABLE_NS_ASSERTIONS = NO;
				ENABLE_STRICT_OBJC_MSGSEND = YES;
				GCC_C_LANGUAGE_STANDARD = gnu11;
				GCC_NO_COMMON_BLOCKS = YES;
				GCC_WARN_64_TO_32_BIT_CONVERSION = YES;
				GCC_WARN_ABOUT_RETURN_TYPE = YES_ERROR;
				GCC_WARN_UNDECLARED_SELECTOR = YES;
				GCC_WARN_UNINITIALIZED_AUTOS = YES_AGGRESSIVE;
				GCC_WARN_UNUSED_FUNCTION = YES;
				GCC_WARN_UNUSED_VARIABLE = YES;
				MACOSX_DEPLOYMENT_TARGET = 12.5;
				MTL_ENABLE_DEBUG_INFO = NO;
				MTL_FAST_MATH = YES;
				SDKROOT = macosx;
				SWIFT_COMPILATION_MODE = wholemodule;
				SWIFT_OPTIMIZATION_LEVEL = "-O";
			};
			name = Release;
		};
		CD84FB752954DA9D0045DB4C /* Debug */ = {
			isa = XCBuildConfiguration;
			buildSettings = {
				CODE_SIGN_STYLE = Automatic;
				PRODUCT_NAME = "$(TARGET_NAME)";
				SWIFT_VERSION = 5.0;
			};
			name = Debug;
		};
		CD84FB762954DA9D0045DB4C /* Release */ = {
			isa = XCBuildConfiguration;
			buildSettings = {
				CODE_SIGN_STYLE = Automatic;
				PRODUCT_NAME = "$(TARGET_NAME)";
				SWIFT_VERSION = 5.0;
			};
			name = Release;
		};
/* End XCBuildConfiguration section */

/* Begin XCConfigurationList section */
		CD84FB682954DA9D0045DB4C /* Build configuration list for PBXProject "HomeWork1Month2" */ = {
			isa = XCConfigurationList;
			buildConfigurations = (
				CD84FB722954DA9D0045DB4C /* Debug */,
				CD84FB732954DA9D0045DB4C /* Release */,
			);
			defaultConfigurationIsVisible = 0;
			defaultConfigurationName = Release;
		};
		CD84FB742954DA9D0045DB4C /* Build configuration list for PBXNativeTarget "HomeWork1Month2" */ = {
			isa = XCConfigurationList;
			buildConfigurations = (
				CD84FB752954DA9D0045DB4C /* Debug */,
				CD84FB762954DA9D0045DB4C /* Release */,
			);
			defaultConfigurationIsVisible = 0;
			defaultConfigurationName = Release;
		};
/* End XCConfigurationList section */
	};
	rootObject = CD84FB652954DA9D0045DB4C /* Project object */;
}
